
Microsoft Visual Studio Solution File, Format Version 12.00
# Visual Studio Version 16
VisualStudioVersion = 16.0.30114.105
MinimumVisualStudioVersion = 10.0.40219.1
Project("{FAE04EC0-301F-11D3-BF4B-00C04F79EFBC}") = "BusinessLayer", "BusinessLayer\BusinessLayer.csproj", "{B9F7F63E-0ECF-4E02-9E0B-65B89E6A3C9F}"
EndProject
Project("{FAE04EC0-301F-11D3-BF4B-00C04F79EFBC}") = "DataLayer", "DataLayer\DataLayer.csproj", "{E6FB9857-CB22-4009-9B56-F505E485FECB}"
EndProject
Project("{FAE04EC0-301F-11D3-BF4B-00C04F79EFBC}") = "Models", "Models\Models.csproj", "{BF9A0403-46D0-4218-9FCF-9EC099750D8D}"
EndProject
Project("{FAE04EC0-301F-11D3-BF4B-00C04F79EFBC}") = "JeopardyAPI", "JeopardyAPI\JeopardyAPI.csproj", "{DEA99E28-E575-4ED3-AAAA-CF1EAD6DA9F8}"
EndProject
Global
	GlobalSection(SolutionConfigurationPlatforms) = preSolution
		Debug|Any CPU = Debug|Any CPU
		Release|Any CPU = Release|Any CPU
	EndGlobalSection
	GlobalSection(SolutionProperties) = preSolution
		HideSolutionNode = FALSE
	EndGlobalSection
	GlobalSection(ProjectConfigurationPlatforms) = postSolution
		{B9F7F63E-0ECF-4E02-9E0B-65B89E6A3C9F}.Debug|Any CPU.ActiveCfg = Debug|Any CPU
		{B9F7F63E-0ECF-4E02-9E0B-65B89E6A3C9F}.Debug|Any CPU.Build.0 = Debug|Any CPU
		{B9F7F63E-0ECF-4E02-9E0B-65B89E6A3C9F}.Release|Any CPU.ActiveCfg = Release|Any CPU
		{B9F7F63E-0ECF-4E02-9E0B-65B89E6A3C9F}.Release|Any CPU.Build.0 = Release|Any CPU
		{E6FB9857-CB22-4009-9B56-F505E485FECB}.Debug|Any CPU.ActiveCfg = Debug|Any CPU
		{E6FB9857-CB22-4009-9B56-F505E485FECB}.Debug|Any CPU.Build.0 = Debug|Any CPU
		{E6FB9857-CB22-4009-9B56-F505E485FECB}.Release|Any CPU.ActiveCfg = Release|Any CPU
		{E6FB9857-CB22-4009-9B56-F505E485FECB}.Release|Any CPU.Build.0 = Release|Any CPU
		{BF9A0403-46D0-4218-9FCF-9EC099750D8D}.Debug|Any CPU.ActiveCfg = Debug|Any CPU
		{BF9A0403-46D0-4218-9FCF-9EC099750D8D}.Debug|Any CPU.Build.0 = Debug|Any CPU
		{BF9A0403-46D0-4218-9FCF-9EC099750D8D}.Release|Any CPU.ActiveCfg = Release|Any CPU
		{BF9A0403-46D0-4218-9FCF-9EC099750D8D}.Release|Any CPU.Build.0 = Release|Any CPU
		{DEA99E28-E575-4ED3-AAAA-CF1EAD6DA9F8}.Debug|Any CPU.ActiveCfg = Debug|Any CPU
		{DEA99E28-E575-4ED3-AAAA-CF1EAD6DA9F8}.Debug|Any CPU.Build.0 = Debug|Any CPU
		{DEA99E28-E575-4ED3-AAAA-CF1EAD6DA9F8}.Release|Any CPU.ActiveCfg = Release|Any CPU
		{DEA99E28-E575-4ED3-AAAA-CF1EAD6DA9F8}.Release|Any CPU.Build.0 = Release|Any CPU
	EndGlobalSection
EndGlobal
